
Microsoft Visual Studio Solution File, Format Version 12.00
# Visual Studio Version 16
VisualStudioVersion = 16.0.31005.135
MinimumVisualStudioVersion = 10.0.40219.1
Project("{9A19103F-16F7-4668-BE54-9A1E7A4F7556}") = "FriendDictionary", "Friends\FriendDictionary.csproj", "{2ED3BC39-D79C-4A22-80EB-9DDEE516E941}"
EndProject
Global
	GlobalSection(SolutionConfigurationPlatforms) = preSolution
		Debug|Any CPU = Debug|Any CPU
		Release|Any CPU = Release|Any CPU
	EndGlobalSection
	GlobalSection(ProjectConfigurationPlatforms) = postSolution
		{2ED3BC39-D79C-4A22-80EB-9DDEE516E941}.Debug|Any CPU.ActiveCfg = Debug|Any CPU
		{2ED3BC39-D79C-4A22-80EB-9DDEE516E941}.Debug|Any CPU.Build.0 = Debug|Any CPU
		{2ED3BC39-D79C-4A22-80EB-9DDEE516E941}.Release|Any CPU.ActiveCfg = Release|Any CPU
		{2ED3BC39-D79C-4A22-80EB-9DDEE516E941}.Release|Any CPU.Build.0 = Release|Any CPU
	EndGlobalSection
	GlobalSection(SolutionProperties) = preSolution
		HideSolutionNode = FALSE
	EndGlobalSection
	GlobalSection(ExtensibilityGlobals) = postSolution
		SolutionGuid = {8C1FAC76-C31E-42B7-97D6-A3DAE7ECE27F}
	EndGlobalSection
EndGlobal
